
Microsoft Visual Studio Solution File, Format Version 12.00
# Visual Studio Version 17
VisualStudioVersion = 17.10.35122.118
MinimumVisualStudioVersion = 10.0.40219.1
Project("{9A19103F-16F7-4668-BE54-9A1E7A4F7556}") = "LINQ.PureVsImpureFunction-01", "LINQ.PureVsImpureFunction-01\LINQ.PureVsImpureFunction-01.csproj", "{A8E5ACFA-4C82-4754-9DC2-686E5AE22775}"
EndProject
Project("{9A19103F-16F7-4668-BE54-9A1E7A4F7556}") = "LINQ.FunctionalProgramming-02", "LINQ.FunctionalProgramming-02\LINQ.FunctionalProgramming-02.csproj", "{45D0842A-1970-4D24-8A3E-6D9637527F15}"
EndProject
Project("{9A19103F-16F7-4668-BE54-9A1E7A4F7556}") = "LINQ.CoreOfLINQ-03", "LINQ.CoreOfLINQ-03\LINQ.CoreOfLINQ-03.csproj", "{7B7441B9-9951-4B3E-A21B-B6CDE3503780}"
EndProject
Project("{9A19103F-16F7-4668-BE54-9A1E7A4F7556}") = "LINQ.ProjectionOperations-04", "LINQ.ProjectionOperations-04\LINQ.ProjectionOperations-04.csproj", "{D353DAA3-D92D-4063-ABC5-EBC027FC4357}"
EndProject
Project("{9A19103F-16F7-4668-BE54-9A1E7A4F7556}") = "LINQ.SortedData-05", "LINQ.SortedData-05\LINQ.SortedData-05.csproj", "{9358A213-0B09-4958-880B-789DDA90EEFA}"
EndProject
Project("{9A19103F-16F7-4668-BE54-9A1E7A4F7556}") = "LINQ.DataPartitioning-06", "LINQ.DataPartitioning-06\LINQ.DataPartitioning-06.csproj", "{D4F2C494-C30F-4FFB-B32C-DDB3B3CEE53A}"
EndProject
Project("{9A19103F-16F7-4668-BE54-9A1E7A4F7556}") = "LINQ.Quantifires-07", "LINQ.Quantifires-07\LINQ.Quantifires-07.csproj", "{C0C6FE7E-52DF-4A91-B3BB-C017FC81F87D}"
EndProject
Project("{9A19103F-16F7-4668-BE54-9A1E7A4F7556}") = "LINQ.GroupingData-08", "LINQ.GroupingData-08\LINQ.GroupingData-08.csproj", "{97381A75-D66E-45B9-9E24-F575DCE75462}"
EndProject
Project("{9A19103F-16F7-4668-BE54-9A1E7A4F7556}") = "LINQ.JoinOperation-09", "LINQ.JoinOperation-09\LINQ.JoinOperation-09.csproj", "{D118DC0C-69CE-498F-98B7-1371771C6C59}"
EndProject
Project("{FAE04EC0-301F-11D3-BF4B-00C04F79EFBC}") = "LINQ.ElementOperations-11", "LINQ.ElementOperations-11\LINQ.ElementOperations-11.csproj", "{C6367CB4-E67C-453D-8112-847CFFB53EC0}"
EndProject
Global
	GlobalSection(SolutionConfigurationPlatforms) = preSolution
		Debug|Any CPU = Debug|Any CPU
		Release|Any CPU = Release|Any CPU
	EndGlobalSection
	GlobalSection(ProjectConfigurationPlatforms) = postSolution
		{A8E5ACFA-4C82-4754-9DC2-686E5AE22775}.Debug|Any CPU.ActiveCfg = Debug|Any CPU
		{A8E5ACFA-4C82-4754-9DC2-686E5AE22775}.Debug|Any CPU.Build.0 = Debug|Any CPU
		{A8E5ACFA-4C82-4754-9DC2-686E5AE22775}.Release|Any CPU.ActiveCfg = Release|Any CPU
		{A8E5ACFA-4C82-4754-9DC2-686E5AE22775}.Release|Any CPU.Build.0 = Release|Any CPU
		{45D0842A-1970-4D24-8A3E-6D9637527F15}.Debug|Any CPU.ActiveCfg = Debug|Any CPU
		{45D0842A-1970-4D24-8A3E-6D9637527F15}.Debug|Any CPU.Build.0 = Debug|Any CPU
		{45D0842A-1970-4D24-8A3E-6D9637527F15}.Release|Any CPU.ActiveCfg = Release|Any CPU
		{45D0842A-1970-4D24-8A3E-6D9637527F15}.Release|Any CPU.Build.0 = Release|Any CPU
		{7B7441B9-9951-4B3E-A21B-B6CDE3503780}.Debug|Any CPU.ActiveCfg = Debug|Any CPU
		{7B7441B9-9951-4B3E-A21B-B6CDE3503780}.Debug|Any CPU.Build.0 = Debug|Any CPU
		{7B7441B9-9951-4B3E-A21B-B6CDE3503780}.Release|Any CPU.ActiveCfg = Release|Any CPU
		{7B7441B9-9951-4B3E-A21B-B6CDE3503780}.Release|Any CPU.Build.0 = Release|Any CPU
		{D353DAA3-D92D-4063-ABC5-EBC027FC4357}.Debug|Any CPU.ActiveCfg = Debug|Any CPU
		{D353DAA3-D92D-4063-ABC5-EBC027FC4357}.Debug|Any CPU.Build.0 = Debug|Any CPU
		{D353DAA3-D92D-4063-ABC5-EBC027FC4357}.Release|Any CPU.ActiveCfg = Release|Any CPU
		{D353DAA3-D92D-4063-ABC5-EBC027FC4357}.Release|Any CPU.Build.0 = Release|Any CPU
		{9358A213-0B09-4958-880B-789DDA90EEFA}.Debug|Any CPU.ActiveCfg = Debug|Any CPU
		{9358A213-0B09-4958-880B-789DDA90EEFA}.Debug|Any CPU.Build.0 = Debug|Any CPU
		{9358A213-0B09-4958-880B-789DDA90EEFA}.Release|Any CPU.ActiveCfg = Release|Any CPU
		{9358A213-0B09-4958-880B-789DDA90EEFA}.Release|Any CPU.Build.0 = Release|Any CPU
		{D4F2C494-C30F-4FFB-B32C-DDB3B3CEE53A}.Debug|Any CPU.ActiveCfg = Debug|Any CPU
		{D4F2C494-C30F-4FFB-B32C-DDB3B3CEE53A}.Debug|Any CPU.Build.0 = Debug|Any CPU
		{D4F2C494-C30F-4FFB-B32C-DDB3B3CEE53A}.Release|Any CPU.ActiveCfg = Release|Any CPU
		{D4F2C494-C30F-4FFB-B32C-DDB3B3CEE53A}.Release|Any CPU.Build.0 = Release|Any CPU
		{C0C6FE7E-52DF-4A91-B3BB-C017FC81F87D}.Debug|Any CPU.ActiveCfg = Debug|Any CPU
		{C0C6FE7E-52DF-4A91-B3BB-C017FC81F87D}.Debug|Any CPU.Build.0 = Debug|Any CPU
		{C0C6FE7E-52DF-4A91-B3BB-C017FC81F87D}.Release|Any CPU.ActiveCfg = Release|Any CPU
		{C0C6FE7E-52DF-4A91-B3BB-C017FC81F87D}.Release|Any CPU.Build.0 = Release|Any CPU
		{97381A75-D66E-45B9-9E24-F575DCE75462}.Debug|Any CPU.ActiveCfg = Debug|Any CPU
		{97381A75-D66E-45B9-9E24-F575DCE75462}.Debug|Any CPU.Build.0 = Debug|Any CPU
		{97381A75-D66E-45B9-9E24-F575DCE75462}.Release|Any CPU.ActiveCfg = Release|Any CPU
		{97381A75-D66E-45B9-9E24-F575DCE75462}.Release|Any CPU.Build.0 = Release|Any CPU
		{D118DC0C-69CE-498F-98B7-1371771C6C59}.Debug|Any CPU.ActiveCfg = Debug|Any CPU
		{D118DC0C-69CE-498F-98B7-1371771C6C59}.Debug|Any CPU.Build.0 = Debug|Any CPU
		{D118DC0C-69CE-498F-98B7-1371771C6C59}.Release|Any CPU.ActiveCfg = Release|Any CPU
		{D118DC0C-69CE-498F-98B7-1371771C6C59}.Release|Any CPU.Build.0 = Release|Any CPU
		{C6367CB4-E67C-453D-8112-847CFFB53EC0}.Debug|Any CPU.ActiveCfg = Debug|Any CPU
		{C6367CB4-E67C-453D-8112-847CFFB53EC0}.Debug|Any CPU.Build.0 = Debug|Any CPU
		{C6367CB4-E67C-453D-8112-847CFFB53EC0}.Release|Any CPU.ActiveCfg = Release|Any CPU
		{C6367CB4-E67C-453D-8112-847CFFB53EC0}.Release|Any CPU.Build.0 = Release|Any CPU
	EndGlobalSection
	GlobalSection(SolutionProperties) = preSolution
		HideSolutionNode = FALSE
	EndGlobalSection
	GlobalSection(ExtensibilityGlobals) = postSolution
		SolutionGuid = {06CF133D-55B6-4E5C-9EC4-A80EEB5B90B5}
	EndGlobalSection
EndGlobal
